
Microsoft Visual Studio Solution File, Format Version 12.00
# Visual Studio 15
VisualStudioVersion = 15.0.28307.572
MinimumVisualStudioVersion = 10.0.40219.1
Project("{FAE04EC0-301F-11D3-BF4B-00C04F79EFBC}") = "CFC", "CFC\CFC.csproj", "{19E485C3-A325-4657-9BE4-53F8B137B0CE}"
EndProject
Global
	GlobalSection(SolutionConfigurationPlatforms) = preSolution
		Debug|Any CPU = Debug|Any CPU
		Release|Any CPU = Release|Any CPU
	EndGlobalSection
	GlobalSection(ProjectConfigurationPlatforms) = postSolution
		{19E485C3-A325-4657-9BE4-53F8B137B0CE}.Debug|Any CPU.ActiveCfg = Debug|Any CPU
		{19E485C3-A325-4657-9BE4-53F8B137B0CE}.Debug|Any CPU.Build.0 = Debug|Any CPU
		{19E485C3-A325-4657-9BE4-53F8B137B0CE}.Release|Any CPU.ActiveCfg = Release|Any CPU
		{19E485C3-A325-4657-9BE4-53F8B137B0CE}.Release|Any CPU.Build.0 = Release|Any CPU
	EndGlobalSection
	GlobalSection(SolutionProperties) = preSolution
		HideSolutionNode = FALSE
	EndGlobalSection
	GlobalSection(ExtensibilityGlobals) = postSolution
		SolutionGuid = {5CB2A116-2268-478F-95CD-B25E6C301F04}
	EndGlobalSection
EndGlobal
